
Microsoft Visual Studio Solution File, Format Version 12.00
# Visual Studio Version 17
VisualStudioVersion = 17.4.33122.133
MinimumVisualStudioVersion = 10.0.40219.1
Project("{FAE04EC0-301F-11D3-BF4B-00C04F79EFBC}") = "AppDev", "AppDev.csproj", "{FEE95831-CFB0-4954-A683-75CC57736637}"
EndProject
Global
	GlobalSection(SolutionConfigurationPlatforms) = preSolution
		Debug|Any CPU = Debug|Any CPU
		Release|Any CPU = Release|Any CPU
	EndGlobalSection
	GlobalSection(ProjectConfigurationPlatforms) = postSolution
		{FEE95831-CFB0-4954-A683-75CC57736637}.Debug|Any CPU.ActiveCfg = Debug|Any CPU
		{FEE95831-CFB0-4954-A683-75CC57736637}.Debug|Any CPU.Build.0 = Debug|Any CPU
		{FEE95831-CFB0-4954-A683-75CC57736637}.Release|Any CPU.ActiveCfg = Release|Any CPU
		{FEE95831-CFB0-4954-A683-75CC57736637}.Release|Any CPU.Build.0 = Release|Any CPU
	EndGlobalSection
	GlobalSection(SolutionProperties) = preSolution
		HideSolutionNode = FALSE
	EndGlobalSection
	GlobalSection(ExtensibilityGlobals) = postSolution
		SolutionGuid = {1AEB76C8-2AE7-4499-A852-002C5D4119D5}
	EndGlobalSection
EndGlobal
